
Microsoft Visual Studio Solution File, Format Version 12.00
# Visual Studio Version 17
VisualStudioVersion = 17.13.35818.85 d17.13
MinimumVisualStudioVersion = 10.0.40219.1
Project("{FAE04EC0-301F-11D3-BF4B-00C04F79EFBC}") = "TPM3KPL", "TPM3KPL\TPM3KPL.csproj", "{EF11E8A7-EAA9-4428-8BA8-99DECE05F4FA}"
EndProject
Global
	GlobalSection(SolutionConfigurationPlatforms) = preSolution
		Debug|Any CPU = Debug|Any CPU
		Release|Any CPU = Release|Any CPU
	EndGlobalSection
	GlobalSection(ProjectConfigurationPlatforms) = postSolution
		{EF11E8A7-EAA9-4428-8BA8-99DECE05F4FA}.Debug|Any CPU.ActiveCfg = Debug|Any CPU
		{EF11E8A7-EAA9-4428-8BA8-99DECE05F4FA}.Debug|Any CPU.Build.0 = Debug|Any CPU
		{EF11E8A7-EAA9-4428-8BA8-99DECE05F4FA}.Release|Any CPU.ActiveCfg = Release|Any CPU
		{EF11E8A7-EAA9-4428-8BA8-99DECE05F4FA}.Release|Any CPU.Build.0 = Release|Any CPU
	EndGlobalSection
	GlobalSection(SolutionProperties) = preSolution
		HideSolutionNode = FALSE
	EndGlobalSection
	GlobalSection(ExtensibilityGlobals) = postSolution
		SolutionGuid = {08CF0DD8-3528-4235-A2BB-2ADCA3BF8342}
	EndGlobalSection
EndGlobal
